NeoBundleLock neobundle.vim 380d9d299300019c0a9970ae6b87faabedab0747
NeoBundleLock syntastic 6e467b89302bd1446c30d5d9896704c8e139ff88
NeoBundleLock unite.vim 9a7c505db45d4b535138e880a4905a8f06f19a88
NeoBundleLock vim-autoclose a9a3b7384657bc1f60a963fd6c08c63fc48d61c3
NeoBundleLock vimfiler 80d262288836c5f9880dd0e20d5af63f02b46dee
NeoBundleLock vimshell 871a4a251469b5cb0eab0e124fd14900d3c25c2b
