NeoBundleLock felis-cat-igirisu-toast-express b24c8ceeb980cd4bad433186384592922dddba61
NeoBundleLock neobundle.vim 380d9d299300019c0a9970ae6b87faabedab0747
NeoBundleLock neocomplcache 778181767467b8f8016828898779a646074d883a
NeoBundleLock neosnippet 9eac227835317d2fad9ae9b816590ce33a3ab7c4
NeoBundleLock neosnippet-snippets dbce664a473e2344d2cc4e494fb5e408452646e2
NeoBundleLock syntastic 6e467b89302bd1446c30d5d9896704c8e139ff88
NeoBundleLock unite.vim 9a7c505db45d4b535138e880a4905a8f06f19a88
NeoBundleLock vim-autoclose a9a3b7384657bc1f60a963fd6c08c63fc48d61c3
NeoBundleLock vim-quickrun 3bdd13cc577b58a90d7964f2fe4446b2e65ea77a
NeoBundleLock vimfiler 80d262288836c5f9880dd0e20d5af63f02b46dee
NeoBundleLock vimshell 871a4a251469b5cb0eab0e124fd14900d3c25c2b
